
Microsoft Visual Studio Solution File, Format Version 12.00
# Visual Studio Version 16
VisualStudioVersion = 16.0.31515.178
MinimumVisualStudioVersion = 10.0.40219.1
Project("{FAE04EC0-301F-11D3-BF4B-00C04F79EFBC}") = "Hotel_menu", "Hotel_menu\Hotel_menu.csproj", "{83FA9DCA-2AE0-4D8C-8E56-BB4072B10663}"
EndProject
Global
	GlobalSection(SolutionConfigurationPlatforms) = preSolution
		Debug|Any CPU = Debug|Any CPU
		Release|Any CPU = Release|Any CPU
	EndGlobalSection
	GlobalSection(ProjectConfigurationPlatforms) = postSolution
		{83FA9DCA-2AE0-4D8C-8E56-BB4072B10663}.Debug|Any CPU.ActiveCfg = Debug|Any CPU
		{83FA9DCA-2AE0-4D8C-8E56-BB4072B10663}.Debug|Any CPU.Build.0 = Debug|Any CPU
		{83FA9DCA-2AE0-4D8C-8E56-BB4072B10663}.Release|Any CPU.ActiveCfg = Release|Any CPU
		{83FA9DCA-2AE0-4D8C-8E56-BB4072B10663}.Release|Any CPU.Build.0 = Release|Any CPU
	EndGlobalSection
	GlobalSection(SolutionProperties) = preSolution
		HideSolutionNode = FALSE
	EndGlobalSection
	GlobalSection(ExtensibilityGlobals) = postSolution
		SolutionGuid = {06B83E1B-6296-446D-A4C0-FFDCA0D951F1}
	EndGlobalSection
EndGlobal
